// !$*UTF8*$!
{
	archiveVersion = 1;
	classes = {
	};
	objectVersion = 77;
	objects = {

/* Begin PBXContainerItemProxy section */
		74E90DA52E54B5AD00718C8A /* PBXContainerItemProxy */ = {
			isa = PBXContainerItemProxy;
			containerPortal = 74E90D862E54B5AA00718C8A /* Project object */;
			proxyType = 1;
			remoteGlobalIDString = 74E90D8D2E54B5AB00718C8A;
			remoteInfo = Streams8;
		};
		74E90DAF2E54B5AD00718C8A /* PBXContainerItemProxy */ = {
			isa = PBXContainerItemProxy;
			containerPortal = 74E90D862E54B5AA00718C8A /* Project object */;
			proxyType = 1;
			remoteGlobalIDString = 74E90D8D2E54B5AB00718C8A;
			remoteInfo = Streams8;
		};
/* End PBXContainerItemProxy section */

/* Begin PBXFileReference section */
		74E90D8E2E54B5AB00718C8A /* Streams8.app */ = {isa = PBXFileReference; explicitFileType = wrapper.application; includeInIndex = 0; path = Streams8.app; sourceTree = BUILT_PRODUCTS_DIR; };
		74E90DA42E54B5AD00718C8A /* Streams8Tests.xctest */ = {isa = PBXFileReference; explicitFileType = wrapper.cfbundle; includeInIndex = 0; path = Streams8Tests.xctest; sourceTree = BUILT_PRODUCTS_DIR; };
		74E90DAE2E54B5AD00718C8A /* Streams8UITests.xctest */ = {isa = PBXFileReference; explicitFileType = wrapper.cfbundle; includeInIndex = 0; path = Streams8UITests.xctest; sourceTree = BUILT_PRODUCTS_DIR; };
/* End PBXFileReference section */

/* Begin PBXFileSystemSynchronizedBuildFileExceptionSet section */
		74E90DB62E54B5AD00718C8A /* Exceptions for "Streams8" folder in "Streams8" target */ = {
			isa = PBXFileSystemSynchronizedBuildFileExceptionSet;
			membershipExceptions = (
				Info.plist,
			);
			target = 74E90D8D2E54B5AB00718C8A /* Streams8 */;
		};
/* End PBXFileSystemSynchronizedBuildFileExceptionSet section */

/* Begin PBXFileSystemSynchronizedRootGroup section */
		74E90D902E54B5AB00718C8A /* Streams8 */ = {
			isa = PBXFileSystemSynchronizedRootGroup;
			exceptions = (
				74E90DB62E54B5AD00718C8A /* Exceptions for "Streams8" folder in "Streams8" target */,
			);
			path = Streams8;
			sourceTree = "<group>";
		};
		74E90DA72E54B5AD00718C8A /* Streams8Tests */ = {
			isa = PBXFileSystemSynchronizedRootGroup;
			path = Streams8Tests;
			sourceTree = "<group>";
		};
		74E90DB12E54B5AD00718C8A /* Streams8UITests */ = {
			isa = PBXFileSystemSynchronizedRootGroup;
			path = Streams8UITests;
			sourceTree = "<group>";
		};
/* End PBXFileSystemSynchronizedRootGroup section */

/* Begin PBXFrameworksBuildPhase section */
		74E90D8B2E54B5AB00718C8A /* Frameworks */ = {
			isa = PBXFrameworksBuildPhase;
			buildActionMask = 2147483647;
			files = (
			);
			runOnlyForDeploymentPostprocessing = 0;
		};
		74E90DA12E54B5AD00718C8A /* Frameworks */ = {
			isa = PBXFrameworksBuildPhase;
			buildActionMask = 2147483647;
			files = (
			);
			runOnlyForDeploymentPostprocessing = 0;
		};
		74E90DAB2E54B5AD00718C8A /* Frameworks */ = {
			isa = PBXFrameworksBuildPhase;
			buildActionMask = 2147483647;
			files = (
			);
			runOnlyForDeploymentPostprocessing = 0;
		};
/* End PBXFrameworksBuildPhase section */

/* Begin PBXGroup section */
		74E90D852E54B5AA00718C8A = {
			isa = PBXGroup;
			children = (
				74E90D902E54B5AB00718C8A /* Streams8 */,
				74E90DA72E54B5AD00718C8A /* Streams8Tests */,
				74E90DB12E54B5AD00718C8A /* Streams8UITests */,
				74E90D8F2E54B5AB00718C8A /* Products */,
			);
			sourceTree = "<group>";
		};
		74E90D8F2E54B5AB00718C8A /* Products */ = {
			isa = PBXGroup;
			children = (
				74E90D8E2E54B5AB00718C8A /* Streams8.app */,
				74E90DA42E54B5AD00718C8A /* Streams8Tests.xctest */,
				74E90DAE2E54B5AD00718C8A /* Streams8UITests.xctest */,
			);
			name = Products;
			sourceTree = "<group>";
		};
/* End PBXGroup section */

/* Begin PBXNativeTarget section */
		74E90D8D2E54B5AB00718C8A /* Streams8 */ = {
			isa = PBXNativeTarget;
			buildConfigurationList = 74E90DB72E54B5AD00718C8A /* Build configuration list for PBXNativeTarget "Streams8" */;
			buildPhases = (
				74E90D8A2E54B5AB00718C8A /* Sources */,
				74E90D8B2E54B5AB00718C8A /* Frameworks */,
				74E90D8C2E54B5AB00718C8A /* Resources */,
			);
			buildRules = (
			);
			dependencies = (
			);
			fileSystemSynchronizedGroups = (
				74E90D902E54B5AB00718C8A /* Streams8 */,
			);
			name = Streams8;
			packageProductDependencies = (
			);
			productName = Streams8;
			productReference = 74E90D8E2E54B5AB00718C8A /* Streams8.app */;
			productType = "com.apple.product-type.application";
		};
		74E90DA32E54B5AD00718C8A /* Streams8Tests */ = {
			isa = PBXNativeTarget;
			buildConfigurationList = 74E90DBC2E54B5AD00718C8A /* Build configuration list for PBXNativeTarget "Streams8Tests" */;
			buildPhases = (
				74E90DA02E54B5AD00718C8A /* Sources */,
				74E90DA12E54B5AD00718C8A /* Frameworks */,
				74E90DA22E54B5AD00718C8A /* Resources */,
			);
			buildRules = (
			);
			dependencies = (
				74E90DA62E54B5AD00718C8A /* PBXTargetDependency */,
			);
			fileSystemSynchronizedGroups = (
				74E90DA72E54B5AD00718C8A /* Streams8Tests */,
			);
			name = Streams8Tests;
			packageProductDependencies = (
			);
			productName = Streams8Tests;
			productReference = 74E90DA42E54B5AD00718C8A /* Streams8Tests.xctest */;
			productType = "com.apple.product-type.bundle.unit-test";
		};
		74E90DAD2E54B5AD00718C8A /* Streams8UITests */ = {
			isa = PBXNativeTarget;
			buildConfigurationList = 74E90DBF2E54B5AD00718C8A /* Build configuration list for PBXNativeTarget "Streams8UITests" */;
			buildPhases = (
				74E90DAA2E54B5AD00718C8A /* Sources */,
				74E90DAB2E54B5AD00718C8A /* Frameworks */,
				74E90DAC2E54B5AD00718C8A /* Resources */,
			);
			buildRules = (
			);
			dependencies = (
				74E90DB02E54B5AD00718C8A /* PBXTargetDependency */,
			);
			fileSystemSynchronizedGroups = (
				74E90DB12E54B5AD00718C8A /* Streams8UITests */,
			);
			name = Streams8UITests;
			packageProductDependencies = (
			);
			productName = Streams8UITests;
			productReference = 74E90DAE2E54B5AD00718C8A /* Streams8UITests.xctest */;
			productType = "com.apple.product-type.bundle.ui-testing";
		};
/* End PBXNativeTarget section */

/* Begin PBXProject section */
		74E90D862E54B5AA00718C8A /* Project object */ = {
			isa = PBXProject;
			attributes = {
				BuildIndependentTargetsInParallel = 1;
				LastSwiftUpdateCheck = 1630;
				LastUpgradeCheck = 1630;
				TargetAttributes = {
					74E90D8D2E54B5AB00718C8A = {
						CreatedOnToolsVersion = 16.3;
					};
					74E90DA32E54B5AD00718C8A = {
						CreatedOnToolsVersion = 16.3;
						TestTargetID = 74E90D8D2E54B5AB00718C8A;
					};
					74E90DAD2E54B5AD00718C8A = {
						CreatedOnToolsVersion = 16.3;
						TestTargetID = 74E90D8D2E54B5AB00718C8A;
					};
				};
			};
			buildConfigurationList = 74E90D892E54B5AA00718C8A /* Build configuration list for PBXProject "Streams8" */;
			developmentRegion = en;
			hasScannedForEncodings = 0;
			knownRegions = (
				en,
				Base,
			);
			mainGroup = 74E90D852E54B5AA00718C8A;
			minimizedProjectReferenceProxies = 1;
			preferredProjectObjectVersion = 77;
			productRefGroup = 74E90D8F2E54B5AB00718C8A /* Products */;
			projectDirPath = "";
			projectRoot = "";
			targets = (
				74E90D8D2E54B5AB00718C8A /* Streams8 */,
				74E90DA32E54B5AD00718C8A /* Streams8Tests */,
				74E90DAD2E54B5AD00718C8A /* Streams8UITests */,
			);
		};
/* End PBXProject section */

/* Begin PBXResourcesBuildPhase section */
		74E90D8C2E54B5AB00718C8A /* Resources */ = {
			isa = PBXResourcesBuildPhase;
			buildActionMask = 2147483647;
			files = (
			);
			runOnlyForDeploymentPostprocessing = 0;
		};
		74E90DA22E54B5AD00718C8A /* Resources */ = {
			isa = PBXResourcesBuildPhase;
			buildActionMask = 2147483647;
			files = (
			);
			runOnlyForDeploymentPostprocessing = 0;
		};
		74E90DAC2E54B5AD00718C8A /* Resources */ = {
			isa = PBXResourcesBuildPhase;
			buildActionMask = 2147483647;
			files = (
			);
			runOnlyForDeploymentPostprocessing = 0;
		};
/* End PBXResourcesBuildPhase section */

/* Begin PBXSourcesBuildPhase section */
		74E90D8A2E54B5AB00718C8A /* Sources */ = {
			isa = PBXSourcesBuildPhase;
			buildActionMask = 2147483647;
			files = (
			);
			runOnlyForDeploymentPostprocessing = 0;
		};
		74E90DA02E54B5AD00718C8A /* Sources */ = {
			isa = PBXSourcesBuildPhase;
			buildActionMask = 2147483647;
			files = (
			);
			runOnlyForDeploymentPostprocessing = 0;
		};
		74E90DAA2E54B5AD00718C8A /* Sources */ = {
			isa = PBXSourcesBuildPhase;
			buildActionMask = 2147483647;
			files = (
			);
			runOnlyForDeploymentPostprocessing = 0;
		};
/* End PBXSourcesBuildPhase section */

/* Begin PBXTargetDependency section */
		74E90DA62E54B5AD00718C8A /* PBXTargetDependency */ = {
			isa = PBXTargetDependency;
			target = 74E90D8D2E54B5AB00718C8A /* Streams8 */;
			targetProxy = 74E90DA52E54B5AD00718C8A /* PBXContainerItemProxy */;
		};
		74E90DB02E54B5AD00718C8A /* PBXTargetDependency */ = {
			isa = PBXTargetDependency;
			target = 74E90D8D2E54B5AB00718C8A /* Streams8 */;
			targetProxy = 74E90DAF2E54B5AD00718C8A /* PBXContainerItemProxy */;
		};
/* End PBXTargetDependency section */

/* Begin XCBuildConfiguration section */
		74E90DB82E54B5AD00718C8A /* Debug */ = {
			isa = XCBuildConfiguration;
			buildSettings = {
				ASSETCATALOG_COMPILER_APPICON_NAME = AppIcon;
				ASSETCATALOG_COMPILER_GLOBAL_ACCENT_COLOR_NAME = AccentColor;
				CODE_SIGN_STYLE = Automatic;
				CURRENT_PROJECT_VERSION = 1;
				DEVELOPMENT_TEAM = D7T33LP58L;
				GENERATE_INFOPLIST_FILE = YES;
				INFOPLIST_FILE = Streams8/Info.plist;
				INFOPLIST_KEY_UIApplicationSupportsIndirectInputEvents = YES;
				INFOPLIST_KEY_UILaunchStoryboardName = LaunchScreen;
				INFOPLIST_KEY_UISupportedInterfaceOrientations_iPad = "UIInterfaceOrientationPortrait UIInterfaceOrientationPortraitUpsideDown UIInterfaceOrientationLandscapeLeft UIInterfaceOrientationLandscapeRight";
				INFOPLIST_KEY_UISupportedInterfaceOrientations_iPhone = "UIInterfaceOrientationPortrait UIInterfaceOrientationLandscapeLeft UIInterfaceOrientationLandscapeRight";
				LD_RUNPATH_SEARCH_PATHS = (
					"$(inherited)",
					"@executable_path/Frameworks",
				);
				MARKETING_VERSION = 1.0;
				PRODUCT_BUNDLE_IDENTIFIER = MyCompany.Streams8;
				PRODUCT_NAME = "$(TARGET_NAME)";
				SWIFT_EMIT_LOC_STRINGS = YES;
				SWIFT_VERSION = 5.0;
				TARGETED_DEVICE_FAMILY = "1,2";
			};
			name = Debug;
		};
		74E90DB92E54B5AD00718C8A /* Release */ = {
			isa = XCBuildConfiguration;
			buildSettings = {
				ASSETCATALOG_COMPILER_APPICON_NAME = AppIcon;
				ASSETCATALOG_COMPILER_GLOBAL_ACCENT_COLOR_NAME = AccentColor;
				CODE_SIGN_STYLE = Automatic;
				CURRENT_PROJECT_VERSION = 1;
				DEVELOPMENT_TEAM = D7T33LP58L;
				GENERATE_INFOPLIST_FILE = YES;
				INFOPLIST_FILE = Streams8/Info.plist;
				INFOPLIST_KEY_UIApplicationSupportsIndirectInputEvents = YES;
				INFOPLIST_KEY_UILaunchStoryboardName = LaunchScreen;
				INFOPLIST_KEY_UISupportedInterfaceOrientations_iPad = "UIInterfaceOrientationPortrait UIInterfaceOrientationPortraitUpsideDown UIInterfaceOrientationLandscapeLeft UIInterfaceOrientationLandscapeRight";
				INFOPLIST_KEY_UISupportedInterfaceOrientations_iPhone = "UIInterfaceOrientationPortrait UIInterfaceOrientationLandscapeLeft UIInterfaceOrientationLandscapeRight";
				LD_RUNPATH_SEARCH_PATHS = (
					"$(inherited)",
					"@executable_path/Frameworks",
				);
				MARKETING_VERSION = 1.0;
				PRODUCT_BUNDLE_IDENTIFIER = MyCompany.Streams8;
				PRODUCT_NAME = "$(TARGET_NAME)";
				SWIFT_EMIT_LOC_STRINGS = YES;
				SWIFT_VERSION = 5.0;
				TARGETED_DEVICE_FAMILY = "1,2";
			};
			name = Release;
		};
		74E90DBA2E54B5AD00718C8A /* Debug */ = {
			isa = XCBuildConfiguration;
			buildSettings = {
				ALWAYS_SEARCH_USER_PATHS = NO;
				ASSETCATALOG_COMPILER_GENERATE_SWIFT_ASSET_SYMBOL_EXTENSIONS = YES;
				CLANG_ANALYZER_NONNULL = YES;
				CLANG_ANALYZER_NUMBER_OBJECT_CONVERSION = YES_AGGRESSIVE;
				CLANG_CXX_LANGUAGE_STANDARD = "gnu++20";
				CLANG_ENABLE_MODULES = YES;
				CLANG_ENABLE_OBJC_ARC = YES;
				CLANG_ENABLE_OBJC_WEAK = YES;
				CLANG_WARN_BLOCK_CAPTURE_AUTORELEASING = YES;
				CLANG_WARN_BOOL_CONVERSION = YES;
				CLANG_WARN_COMMA = YES;
				CLANG_WARN_CONSTANT_CONVERSION = YES;
				CLANG_WARN_DEPRECATED_OBJC_IMPLEMENTATIONS = YES;
				CLANG_WARN_DIRECT_OBJC_ISA_USAGE = YES_ERROR;
				CLANG_WARN_DOCUMENTATION_COMMENTS = YES;
				CLANG_WARN_EMPTY_BODY = YES;
				CLANG_WARN_ENUM_CONVERSION = YES;
				CLANG_WARN_INFINITE_RECURSION = YES;
				CLANG_WARN_INT_CONVERSION = YES;
				CLANG_WARN_NON_LITERAL_NULL_CONVERSION = YES;
				CLANG_WARN_OBJC_IMPLICIT_RETAIN_SELF = YES;
				CLANG_WARN_OBJC_LITERAL_CONVERSION = YES;
				CLANG_WARN_OBJC_ROOT_CLASS = YES_ERROR;
				CLANG_WARN_QUOTED_INCLUDE_IN_FRAMEWORK_HEADER = YES;
				CLANG_WARN_RANGE_LOOP_ANALYSIS = YES;
				CLANG_WARN_STRICT_PROTOTYPES = YES;
				CLANG_WARN_SUSPICIOUS_MOVE = YES;
				CLANG_WARN_UNGUARDED_AVAILABILITY = YES_AGGRESSIVE;
				CLANG_WARN_UNREACHABLE_CODE = YES;
				CLANG_WARN__DUPLICATE_METHOD_MATCH = YES;
				COPY_PHASE_STRIP = NO;
				DEBUG_INFORMATION_FORMAT = dwarf;
				DEVELOPMENT_TEAM = D7T33LP58L;
				ENABLE_STRICT_OBJC_MSGSEND = YES;
				ENABLE_TESTABILITY = YES;
				ENABLE_USER_SCRIPT_SANDBOXING = YES;
				GCC_C_LANGUAGE_STANDARD = gnu17;
				GCC_DYNAMIC_NO_PIC = NO;
				GCC_NO_COMMON_BLOCKS = YES;
				GCC_OPTIMIZATION_LEVEL = 0;
				GCC_PREPROCESSOR_DEFINITIONS = (
					"DEBUG=1",
					"$(inherited)",
				);
				GCC_WARN_64_TO_32_BIT_CONVERSION = YES;
				GCC_WARN_ABOUT_RETURN_TYPE = YES_ERROR;
				GCC_WARN_UNDECLARED_SELECTOR = YES;
				GCC_WARN_UNINITIALIZED_AUTOS = YES_AGGRESSIVE;
				GCC_WARN_UNUSED_FUNCTION = YES;
				GCC_WARN_UNUSED_VARIABLE = YES;
				IPHONEOS_DEPLOYMENT_TARGET = 18.4;
				LOCALIZATION_PREFERS_STRING_CATALOGS = YES;
				MTL_ENABLE_DEBUG_INFO = INCLUDE_SOURCE;
				MTL_FAST_MATH = YES;
				ONLY_ACTIVE_ARCH = YES;
				SDKROOT = iphoneos;
				SWIFT_ACTIVE_COMPILATION_CONDITIONS = "DEBUG $(inherited)";
				SWIFT_OPTIMIZATION_LEVEL = "-Onone";
			};
			name = Debug;
		};
		74E90DBB2E54B5AD00718C8A /* Release */ = {
			isa = XCBuildConfiguration;
			buildSettings = {
				ALWAYS_SEARCH_USER_PATHS = NO;
				ASSETCATALOG_COMPILER_GENERATE_SWIFT_ASSET_SYMBOL_EXTENSIONS = YES;
				CLANG_ANALYZER_NONNULL = YES;
				CLANG_ANALYZER_NUMBER_OBJECT_CONVERSION = YES_AGGRESSIVE;
				CLANG_CXX_LANGUAGE_STANDARD = "gnu++20";
				CLANG_ENABLE_MODULES = YES;
				CLANG_ENABLE_OBJC_ARC = YES;
				CLANG_ENABLE_OBJC_WEAK = YES;
				CLANG_WARN_BLOCK_CAPTURE_AUTORELEASING = YES;
				CLANG_WARN_BOOL_CONVERSION = YES;
				CLANG_WARN_COMMA = YES;
				CLANG_WARN_CONSTANT_CONVERSION = YES;
				CLANG_WARN_DEPRECATED_OBJC_IMPLEMENTATIONS = YES;
				CLANG_WARN_DIRECT_OBJC_ISA_USAGE = YES_ERROR;
				CLANG_WARN_DOCUMENTATION_COMMENTS = YES;
				CLANG_WARN_EMPTY_BODY = YES;
				CLANG_WARN_ENUM_CONVERSION = YES;
				CLANG_WARN_INFINITE_RECURSION = YES;
				CLANG_WARN_INT_CONVERSION = YES;
				CLANG_WARN_NON_LITERAL_NULL_CONVERSION = YES;
				CLANG_WARN_OBJC_IMPLICIT_RETAIN_SELF = YES;
				CLANG_WARN_OBJC_LITERAL_CONVERSION = YES;
				CLANG_WARN_OBJC_ROOT_CLASS = YES_ERROR;
				CLANG_WARN_QUOTED_INCLUDE_IN_FRAMEWORK_HEADER = YES;
				CLANG_WARN_RANGE_LOOP_ANALYSIS = YES;
				CLANG_WARN_STRICT_PROTOTYPES = YES;
				CLANG_WARN_SUSPICIOUS_MOVE = YES;
				CLANG_WARN_UNGUARDED_AVAILABILITY = YES_AGGRESSIVE;
				CLANG_WARN_UNREACHABLE_CODE = YES;
				CLANG_WARN__DUPLICATE_METHOD_MATCH = YES;
				COPY_PHASE_STRIP = NO;
				DEBUG_INFORMATION_FORMAT = "dwarf-with-dsym";
				DEVELOPMENT_TEAM = D7T33LP58L;
				ENABLE_NS_ASSERTIONS = NO;
				ENABLE_STRICT_OBJC_MSGSEND = YES;
				ENABLE_USER_SCRIPT_SANDBOXING = YES;
				GCC_C_LANGUAGE_STANDARD = gnu17;
				GCC_NO_COMMON_BLOCKS = YES;
				GCC_WARN_64_TO_32_BIT_CONVERSION = YES;
				GCC_WARN_ABOUT_RETURN_TYPE = YES_ERROR;
				GCC_WARN_UNDECLARED_SELECTOR = YES;
				GCC_WARN_UNINITIALIZED_AUTOS = YES_AGGRESSIVE;
				GCC_WARN_UNUSED_FUNCTION = YES;
				GCC_WARN_UNUSED_VARIABLE = YES;
				IPHONEOS_DEPLOYMENT_TARGET = 18.4;
				LOCALIZATION_PREFERS_STRING_CATALOGS = YES;
				MTL_ENABLE_DEBUG_INFO = NO;
				MTL_FAST_MATH = YES;
				SDKROOT = iphoneos;
				SWIFT_COMPILATION_MODE = wholemodule;
				VALIDATE_PRODUCT = YES;
			};
			name = Release;
		};
		74E90DBD2E54B5AD00718C8A /* Debug */ = {
			isa = XCBuildConfiguration;
			buildSettings = {
				BUNDLE_LOADER = "$(TEST_HOST)";
				CODE_SIGN_STYLE = Automatic;
				CURRENT_PROJECT_VERSION = 1;
				DEVELOPMENT_TEAM = D7T33LP58L;
				GENERATE_INFOPLIST_FILE = YES;
				IPHONEOS_DEPLOYMENT_TARGET = 18.4;
				MARKETING_VERSION = 1.0;
				PRODUCT_BUNDLE_IDENTIFIER = MyCompany.Streams8Tests;
				PRODUCT_NAME = "$(TARGET_NAME)";
				SWIFT_EMIT_LOC_STRINGS = NO;
				SWIFT_VERSION = 5.0;
				TARGETED_DEVICE_FAMILY = "1,2";
				TEST_HOST = "$(BUILT_PRODUCTS_DIR)/Streams8.app/$(BUNDLE_EXECUTABLE_FOLDER_PATH)/Streams8";
			};
			name = Debug;
		};
		74E90DBE2E54B5AD00718C8A /* Release */ = {
			isa = XCBuildConfiguration;
			buildSettings = {
				BUNDLE_LOADER = "$(TEST_HOST)";
				CODE_SIGN_STYLE = Automatic;
				CURRENT_PROJECT_VERSION = 1;
				DEVELOPMENT_TEAM = D7T33LP58L;
				GENERATE_INFOPLIST_FILE = YES;
				IPHONEOS_DEPLOYMENT_TARGET = 18.4;
				MARKETING_VERSION = 1.0;
				PRODUCT_BUNDLE_IDENTIFIER = MyCompany.Streams8Tests;
				PRODUCT_NAME = "$(TARGET_NAME)";
				SWIFT_EMIT_LOC_STRINGS = NO;
				SWIFT_VERSION = 5.0;
				TARGETED_DEVICE_FAMILY = "1,2";
				TEST_HOST = "$(BUILT_PRODUCTS_DIR)/Streams8.app/$(BUNDLE_EXECUTABLE_FOLDER_PATH)/Streams8";
			};
			name = Release;
		};
		74E90DC02E54B5AD00718C8A /* Debug */ = {
			isa = XCBuildConfiguration;
			buildSettings = {
				CODE_SIGN_STYLE = Automatic;
				CURRENT_PROJECT_VERSION = 1;
				DEVELOPMENT_TEAM = D7T33LP58L;
				GENERATE_INFOPLIST_FILE = YES;
				MARKETING_VERSION = 1.0;
				PRODUCT_BUNDLE_IDENTIFIER = MyCompany.Streams8UITests;
				PRODUCT_NAME = "$(TARGET_NAME)";
				SWIFT_EMIT_LOC_STRINGS = NO;
				SWIFT_VERSION = 5.0;
				TARGETED_DEVICE_FAMILY = "1,2";
				TEST_TARGET_NAME = Streams8;
			};
			name = Debug;
		};
		74E90DC12E54B5AD00718C8A /* Release */ = {
			isa = XCBuildConfiguration;
			buildSettings = {
				CODE_SIGN_STYLE = Automatic;
				CURRENT_PROJECT_VERSION = 1;
				DEVELOPMENT_TEAM = D7T33LP58L;
				GENERATE_INFOPLIST_FILE = YES;
				MARKETING_VERSION = 1.0;
				PRODUCT_BUNDLE_IDENTIFIER = MyCompany.Streams8UITests;
				PRODUCT_NAME = "$(TARGET_NAME)";
				SWIFT_EMIT_LOC_STRINGS = NO;
				SWIFT_VERSION = 5.0;
				TARGETED_DEVICE_FAMILY = "1,2";
				TEST_TARGET_NAME = Streams8;
			};
			name = Release;
		};
/* End XCBuildConfiguration section */

/* Begin XCConfigurationList section */
		74E90D892E54B5AA00718C8A /* Build configuration list for PBXProject "Streams8" */ = {
			isa = XCConfigurationList;
			buildConfigurations = (
				74E90DBA2E54B5AD00718C8A /* Debug */,
				74E90DBB2E54B5AD00718C8A /* Release */,
			);
			defaultConfigurationIsVisible = 0;
			defaultConfigurationName = Release;
		};
		74E90DB72E54B5AD00718C8A /* Build configuration list for PBXNativeTarget "Streams8" */ = {
			isa = XCConfigurationList;
			buildConfigurations = (
				74E90DB82E54B5AD00718C8A /* Debug */,
				74E90DB92E54B5AD00718C8A /* Release */,
			);
			defaultConfigurationIsVisible = 0;
			defaultConfigurationName = Release;
		};
		74E90DBC2E54B5AD00718C8A /* Build configuration list for PBXNativeTarget "Streams8Tests" */ = {
			isa = XCConfigurationList;
			buildConfigurations = (
				74E90DBD2E54B5AD00718C8A /* Debug */,
				74E90DBE2E54B5AD00718C8A /* Release */,
			);
			defaultConfigurationIsVisible = 0;
			defaultConfigurationName = Release;
		};
		74E90DBF2E54B5AD00718C8A /* Build configuration list for PBXNativeTarget "Streams8UITests" */ = {
			isa = XCConfigurationList;
			buildConfigurations = (
				74E90DC02E54B5AD00718C8A /* Debug */,
				74E90DC12E54B5AD00718C8A /* Release */,
			);
			defaultConfigurationIsVisible = 0;
			defaultConfigurationName = Release;
		};
/* End XCConfigurationList section */
	};
	rootObject = 74E90D862E54B5AA00718C8A /* Project object */;
}
