// !$*UTF8*$!
{
	archiveVersion = 1;
	classes = {
	};
	objectVersion = 77;
	objects = {

/* Begin PBXContainerItemProxy section */
		74E249E22E365D2200F08957 /* PBXContainerItemProxy */ = {
			isa = PBXContainerItemProxy;
			containerPortal = 74E249C32E365D2000F08957 /* Project object */;
			proxyType = 1;
			remoteGlobalIDString = 74E249CA2E365D2000F08957;
			remoteInfo = ApplicationBundle3;
		};
		74E249EC2E365D2200F08957 /* PBXContainerItemProxy */ = {
			isa = PBXContainerItemProxy;
			containerPortal = 74E249C32E365D2000F08957 /* Project object */;
			proxyType = 1;
			remoteGlobalIDString = 74E249CA2E365D2000F08957;
			remoteInfo = ApplicationBundle3;
		};
/* End PBXContainerItemProxy section */

/* Begin PBXFileReference section */
		74E249CB2E365D2000F08957 /* ApplicationBundle3.app */ = {isa = PBXFileReference; explicitFileType = wrapper.application; includeInIndex = 0; path = ApplicationBundle3.app; sourceTree = BUILT_PRODUCTS_DIR; };
		74E249E12E365D2200F08957 /* ApplicationBundle3Tests.xctest */ = {isa = PBXFileReference; explicitFileType = wrapper.cfbundle; includeInIndex = 0; path = ApplicationBundle3Tests.xctest; sourceTree = BUILT_PRODUCTS_DIR; };
		74E249EB2E365D2200F08957 /* ApplicationBundle3UITests.xctest */ = {isa = PBXFileReference; explicitFileType = wrapper.cfbundle; includeInIndex = 0; path = ApplicationBundle3UITests.xctest; sourceTree = BUILT_PRODUCTS_DIR; };
/* End PBXFileReference section */

/* Begin PBXFileSystemSynchronizedBuildFileExceptionSet section */
		74E249F32E365D2200F08957 /* Exceptions for "ApplicationBundle3" folder in "ApplicationBundle3" target */ = {
			isa = PBXFileSystemSynchronizedBuildFileExceptionSet;
			membershipExceptions = (
				Info.plist,
			);
			target = 74E249CA2E365D2000F08957 /* ApplicationBundle3 */;
		};
/* End PBXFileSystemSynchronizedBuildFileExceptionSet section */

/* Begin PBXFileSystemSynchronizedRootGroup section */
		74E249CD2E365D2000F08957 /* ApplicationBundle3 */ = {
			isa = PBXFileSystemSynchronizedRootGroup;
			exceptions = (
				74E249F32E365D2200F08957 /* Exceptions for "ApplicationBundle3" folder in "ApplicationBundle3" target */,
			);
			path = ApplicationBundle3;
			sourceTree = "<group>";
		};
		74E249E42E365D2200F08957 /* ApplicationBundle3Tests */ = {
			isa = PBXFileSystemSynchronizedRootGroup;
			path = ApplicationBundle3Tests;
			sourceTree = "<group>";
		};
		74E249EE2E365D2200F08957 /* ApplicationBundle3UITests */ = {
			isa = PBXFileSystemSynchronizedRootGroup;
			path = ApplicationBundle3UITests;
			sourceTree = "<group>";
		};
/* End PBXFileSystemSynchronizedRootGroup section */

/* Begin PBXFrameworksBuildPhase section */
		74E249C82E365D2000F08957 /* Frameworks */ = {
			isa = PBXFrameworksBuildPhase;
			buildActionMask = 2147483647;
			files = (
			);
			runOnlyForDeploymentPostprocessing = 0;
		};
		74E249DE2E365D2200F08957 /* Frameworks */ = {
			isa = PBXFrameworksBuildPhase;
			buildActionMask = 2147483647;
			files = (
			);
			runOnlyForDeploymentPostprocessing = 0;
		};
		74E249E82E365D2200F08957 /* Frameworks */ = {
			isa = PBXFrameworksBuildPhase;
			buildActionMask = 2147483647;
			files = (
			);
			runOnlyForDeploymentPostprocessing = 0;
		};
/* End PBXFrameworksBuildPhase section */

/* Begin PBXGroup section */
		74E249C22E365D2000F08957 = {
			isa = PBXGroup;
			children = (
				74E249CD2E365D2000F08957 /* ApplicationBundle3 */,
				74E249E42E365D2200F08957 /* ApplicationBundle3Tests */,
				74E249EE2E365D2200F08957 /* ApplicationBundle3UITests */,
				74E249CC2E365D2000F08957 /* Products */,
			);
			sourceTree = "<group>";
		};
		74E249CC2E365D2000F08957 /* Products */ = {
			isa = PBXGroup;
			children = (
				74E249CB2E365D2000F08957 /* ApplicationBundle3.app */,
				74E249E12E365D2200F08957 /* ApplicationBundle3Tests.xctest */,
				74E249EB2E365D2200F08957 /* ApplicationBundle3UITests.xctest */,
			);
			name = Products;
			sourceTree = "<group>";
		};
/* End PBXGroup section */

/* Begin PBXNativeTarget section */
		74E249CA2E365D2000F08957 /* ApplicationBundle3 */ = {
			isa = PBXNativeTarget;
			buildConfigurationList = 74E249F42E365D2200F08957 /* Build configuration list for PBXNativeTarget "ApplicationBundle3" */;
			buildPhases = (
				74E249C72E365D2000F08957 /* Sources */,
				74E249C82E365D2000F08957 /* Frameworks */,
				74E249C92E365D2000F08957 /* Resources */,
			);
			buildRules = (
			);
			dependencies = (
			);
			fileSystemSynchronizedGroups = (
				74E249CD2E365D2000F08957 /* ApplicationBundle3 */,
			);
			name = ApplicationBundle3;
			packageProductDependencies = (
			);
			productName = ApplicationBundle3;
			productReference = 74E249CB2E365D2000F08957 /* ApplicationBundle3.app */;
			productType = "com.apple.product-type.application";
		};
		74E249E02E365D2200F08957 /* ApplicationBundle3Tests */ = {
			isa = PBXNativeTarget;
			buildConfigurationList = 74E249F92E365D2200F08957 /* Build configuration list for PBXNativeTarget "ApplicationBundle3Tests" */;
			buildPhases = (
				74E249DD2E365D2200F08957 /* Sources */,
				74E249DE2E365D2200F08957 /* Frameworks */,
				74E249DF2E365D2200F08957 /* Resources */,
			);
			buildRules = (
			);
			dependencies = (
				74E249E32E365D2200F08957 /* PBXTargetDependency */,
			);
			fileSystemSynchronizedGroups = (
				74E249E42E365D2200F08957 /* ApplicationBundle3Tests */,
			);
			name = ApplicationBundle3Tests;
			packageProductDependencies = (
			);
			productName = ApplicationBundle3Tests;
			productReference = 74E249E12E365D2200F08957 /* ApplicationBundle3Tests.xctest */;
			productType = "com.apple.product-type.bundle.unit-test";
		};
		74E249EA2E365D2200F08957 /* ApplicationBundle3UITests */ = {
			isa = PBXNativeTarget;
			buildConfigurationList = 74E249FC2E365D2200F08957 /* Build configuration list for PBXNativeTarget "ApplicationBundle3UITests" */;
			buildPhases = (
				74E249E72E365D2200F08957 /* Sources */,
				74E249E82E365D2200F08957 /* Frameworks */,
				74E249E92E365D2200F08957 /* Resources */,
			);
			buildRules = (
			);
			dependencies = (
				74E249ED2E365D2200F08957 /* PBXTargetDependency */,
			);
			fileSystemSynchronizedGroups = (
				74E249EE2E365D2200F08957 /* ApplicationBundle3UITests */,
			);
			name = ApplicationBundle3UITests;
			packageProductDependencies = (
			);
			productName = ApplicationBundle3UITests;
			productReference = 74E249EB2E365D2200F08957 /* ApplicationBundle3UITests.xctest */;
			productType = "com.apple.product-type.bundle.ui-testing";
		};
/* End PBXNativeTarget section */

/* Begin PBXProject section */
		74E249C32E365D2000F08957 /* Project object */ = {
			isa = PBXProject;
			attributes = {
				BuildIndependentTargetsInParallel = 1;
				LastSwiftUpdateCheck = 1630;
				LastUpgradeCheck = 1630;
				TargetAttributes = {
					74E249CA2E365D2000F08957 = {
						CreatedOnToolsVersion = 16.3;
					};
					74E249E02E365D2200F08957 = {
						CreatedOnToolsVersion = 16.3;
						TestTargetID = 74E249CA2E365D2000F08957;
					};
					74E249EA2E365D2200F08957 = {
						CreatedOnToolsVersion = 16.3;
						TestTargetID = 74E249CA2E365D2000F08957;
					};
				};
			};
			buildConfigurationList = 74E249C62E365D2000F08957 /* Build configuration list for PBXProject "ApplicationBundle3" */;
			developmentRegion = en;
			hasScannedForEncodings = 0;
			knownRegions = (
				en,
				Base,
			);
			mainGroup = 74E249C22E365D2000F08957;
			minimizedProjectReferenceProxies = 1;
			preferredProjectObjectVersion = 77;
			productRefGroup = 74E249CC2E365D2000F08957 /* Products */;
			projectDirPath = "";
			projectRoot = "";
			targets = (
				74E249CA2E365D2000F08957 /* ApplicationBundle3 */,
				74E249E02E365D2200F08957 /* ApplicationBundle3Tests */,
				74E249EA2E365D2200F08957 /* ApplicationBundle3UITests */,
			);
		};
/* End PBXProject section */

/* Begin PBXResourcesBuildPhase section */
		74E249C92E365D2000F08957 /* Resources */ = {
			isa = PBXResourcesBuildPhase;
			buildActionMask = 2147483647;
			files = (
			);
			runOnlyForDeploymentPostprocessing = 0;
		};
		74E249DF2E365D2200F08957 /* Resources */ = {
			isa = PBXResourcesBuildPhase;
			buildActionMask = 2147483647;
			files = (
			);
			runOnlyForDeploymentPostprocessing = 0;
		};
		74E249E92E365D2200F08957 /* Resources */ = {
			isa = PBXResourcesBuildPhase;
			buildActionMask = 2147483647;
			files = (
			);
			runOnlyForDeploymentPostprocessing = 0;
		};
/* End PBXResourcesBuildPhase section */

/* Begin PBXSourcesBuildPhase section */
		74E249C72E365D2000F08957 /* Sources */ = {
			isa = PBXSourcesBuildPhase;
			buildActionMask = 2147483647;
			files = (
			);
			runOnlyForDeploymentPostprocessing = 0;
		};
		74E249DD2E365D2200F08957 /* Sources */ = {
			isa = PBXSourcesBuildPhase;
			buildActionMask = 2147483647;
			files = (
			);
			runOnlyForDeploymentPostprocessing = 0;
		};
		74E249E72E365D2200F08957 /* Sources */ = {
			isa = PBXSourcesBuildPhase;
			buildActionMask = 2147483647;
			files = (
			);
			runOnlyForDeploymentPostprocessing = 0;
		};
/* End PBXSourcesBuildPhase section */

/* Begin PBXTargetDependency section */
		74E249E32E365D2200F08957 /* PBXTargetDependency */ = {
			isa = PBXTargetDependency;
			target = 74E249CA2E365D2000F08957 /* ApplicationBundle3 */;
			targetProxy = 74E249E22E365D2200F08957 /* PBXContainerItemProxy */;
		};
		74E249ED2E365D2200F08957 /* PBXTargetDependency */ = {
			isa = PBXTargetDependency;
			target = 74E249CA2E365D2000F08957 /* ApplicationBundle3 */;
			targetProxy = 74E249EC2E365D2200F08957 /* PBXContainerItemProxy */;
		};
/* End PBXTargetDependency section */

/* Begin XCBuildConfiguration section */
		74E249F52E365D2200F08957 /* Debug */ = {
			isa = XCBuildConfiguration;
			buildSettings = {
				ASSETCATALOG_COMPILER_APPICON_NAME = AppIcon;
				ASSETCATALOG_COMPILER_GLOBAL_ACCENT_COLOR_NAME = AccentColor;
				CODE_SIGN_STYLE = Automatic;
				CURRENT_PROJECT_VERSION = 1;
				DEVELOPMENT_TEAM = D7T33LP58L;
				GENERATE_INFOPLIST_FILE = YES;
				INFOPLIST_FILE = ApplicationBundle3/Info.plist;
				INFOPLIST_KEY_UIApplicationSupportsIndirectInputEvents = YES;
				INFOPLIST_KEY_UILaunchStoryboardName = LaunchScreen;
				INFOPLIST_KEY_UISupportedInterfaceOrientations_iPad = "UIInterfaceOrientationPortrait UIInterfaceOrientationPortraitUpsideDown UIInterfaceOrientationLandscapeLeft UIInterfaceOrientationLandscapeRight";
				INFOPLIST_KEY_UISupportedInterfaceOrientations_iPhone = "UIInterfaceOrientationPortrait UIInterfaceOrientationLandscapeLeft UIInterfaceOrientationLandscapeRight";
				LD_RUNPATH_SEARCH_PATHS = (
					"$(inherited)",
					"@executable_path/Frameworks",
				);
				MARKETING_VERSION = 1.0;
				PRODUCT_BUNDLE_IDENTIFIER = MyCompany.ApplicationBundle3;
				PRODUCT_NAME = "$(TARGET_NAME)";
				SWIFT_EMIT_LOC_STRINGS = YES;
				SWIFT_VERSION = 5.0;
				TARGETED_DEVICE_FAMILY = "1,2";
			};
			name = Debug;
		};
		74E249F62E365D2200F08957 /* Release */ = {
			isa = XCBuildConfiguration;
			buildSettings = {
				ASSETCATALOG_COMPILER_APPICON_NAME = AppIcon;
				ASSETCATALOG_COMPILER_GLOBAL_ACCENT_COLOR_NAME = AccentColor;
				CODE_SIGN_STYLE = Automatic;
				CURRENT_PROJECT_VERSION = 1;
				DEVELOPMENT_TEAM = D7T33LP58L;
				GENERATE_INFOPLIST_FILE = YES;
				INFOPLIST_FILE = ApplicationBundle3/Info.plist;
				INFOPLIST_KEY_UIApplicationSupportsIndirectInputEvents = YES;
				INFOPLIST_KEY_UILaunchStoryboardName = LaunchScreen;
				INFOPLIST_KEY_UISupportedInterfaceOrientations_iPad = "UIInterfaceOrientationPortrait UIInterfaceOrientationPortraitUpsideDown UIInterfaceOrientationLandscapeLeft UIInterfaceOrientationLandscapeRight";
				INFOPLIST_KEY_UISupportedInterfaceOrientations_iPhone = "UIInterfaceOrientationPortrait UIInterfaceOrientationLandscapeLeft UIInterfaceOrientationLandscapeRight";
				LD_RUNPATH_SEARCH_PATHS = (
					"$(inherited)",
					"@executable_path/Frameworks",
				);
				MARKETING_VERSION = 1.0;
				PRODUCT_BUNDLE_IDENTIFIER = MyCompany.ApplicationBundle3;
				PRODUCT_NAME = "$(TARGET_NAME)";
				SWIFT_EMIT_LOC_STRINGS = YES;
				SWIFT_VERSION = 5.0;
				TARGETED_DEVICE_FAMILY = "1,2";
			};
			name = Release;
		};
		74E249F72E365D2200F08957 /* Debug */ = {
			isa = XCBuildConfiguration;
			buildSettings = {
				ALWAYS_SEARCH_USER_PATHS = NO;
				ASSETCATALOG_COMPILER_GENERATE_SWIFT_ASSET_SYMBOL_EXTENSIONS = YES;
				CLANG_ANALYZER_NONNULL = YES;
				CLANG_ANALYZER_NUMBER_OBJECT_CONVERSION = YES_AGGRESSIVE;
				CLANG_CXX_LANGUAGE_STANDARD = "gnu++20";
				CLANG_ENABLE_MODULES = YES;
				CLANG_ENABLE_OBJC_ARC = YES;
				CLANG_ENABLE_OBJC_WEAK = YES;
				CLANG_WARN_BLOCK_CAPTURE_AUTORELEASING = YES;
				CLANG_WARN_BOOL_CONVERSION = YES;
				CLANG_WARN_COMMA = YES;
				CLANG_WARN_CONSTANT_CONVERSION = YES;
				CLANG_WARN_DEPRECATED_OBJC_IMPLEMENTATIONS = YES;
				CLANG_WARN_DIRECT_OBJC_ISA_USAGE = YES_ERROR;
				CLANG_WARN_DOCUMENTATION_COMMENTS = YES;
				CLANG_WARN_EMPTY_BODY = YES;
				CLANG_WARN_ENUM_CONVERSION = YES;
				CLANG_WARN_INFINITE_RECURSION = YES;
				CLANG_WARN_INT_CONVERSION = YES;
				CLANG_WARN_NON_LITERAL_NULL_CONVERSION = YES;
				CLANG_WARN_OBJC_IMPLICIT_RETAIN_SELF = YES;
				CLANG_WARN_OBJC_LITERAL_CONVERSION = YES;
				CLANG_WARN_OBJC_ROOT_CLASS = YES_ERROR;
				CLANG_WARN_QUOTED_INCLUDE_IN_FRAMEWORK_HEADER = YES;
				CLANG_WARN_RANGE_LOOP_ANALYSIS = YES;
				CLANG_WARN_STRICT_PROTOTYPES = YES;
				CLANG_WARN_SUSPICIOUS_MOVE = YES;
				CLANG_WARN_UNGUARDED_AVAILABILITY = YES_AGGRESSIVE;
				CLANG_WARN_UNREACHABLE_CODE = YES;
				CLANG_WARN__DUPLICATE_METHOD_MATCH = YES;
				COPY_PHASE_STRIP = NO;
				DEBUG_INFORMATION_FORMAT = dwarf;
				DEVELOPMENT_TEAM = D7T33LP58L;
				ENABLE_STRICT_OBJC_MSGSEND = YES;
				ENABLE_TESTABILITY = YES;
				ENABLE_USER_SCRIPT_SANDBOXING = YES;
				GCC_C_LANGUAGE_STANDARD = gnu17;
				GCC_DYNAMIC_NO_PIC = NO;
				GCC_NO_COMMON_BLOCKS = YES;
				GCC_OPTIMIZATION_LEVEL = 0;
				GCC_PREPROCESSOR_DEFINITIONS = (
					"DEBUG=1",
					"$(inherited)",
				);
				GCC_WARN_64_TO_32_BIT_CONVERSION = YES;
				GCC_WARN_ABOUT_RETURN_TYPE = YES_ERROR;
				GCC_WARN_UNDECLARED_SELECTOR = YES;
				GCC_WARN_UNINITIALIZED_AUTOS = YES_AGGRESSIVE;
				GCC_WARN_UNUSED_FUNCTION = YES;
				GCC_WARN_UNUSED_VARIABLE = YES;
				IPHONEOS_DEPLOYMENT_TARGET = 18.4;
				LOCALIZATION_PREFERS_STRING_CATALOGS = YES;
				MTL_ENABLE_DEBUG_INFO = INCLUDE_SOURCE;
				MTL_FAST_MATH = YES;
				ONLY_ACTIVE_ARCH = YES;
				SDKROOT = iphoneos;
				SWIFT_ACTIVE_COMPILATION_CONDITIONS = "DEBUG $(inherited)";
				SWIFT_OPTIMIZATION_LEVEL = "-Onone";
			};
			name = Debug;
		};
		74E249F82E365D2200F08957 /* Release */ = {
			isa = XCBuildConfiguration;
			buildSettings = {
				ALWAYS_SEARCH_USER_PATHS = NO;
				ASSETCATALOG_COMPILER_GENERATE_SWIFT_ASSET_SYMBOL_EXTENSIONS = YES;
				CLANG_ANALYZER_NONNULL = YES;
				CLANG_ANALYZER_NUMBER_OBJECT_CONVERSION = YES_AGGRESSIVE;
				CLANG_CXX_LANGUAGE_STANDARD = "gnu++20";
				CLANG_ENABLE_MODULES = YES;
				CLANG_ENABLE_OBJC_ARC = YES;
				CLANG_ENABLE_OBJC_WEAK = YES;
				CLANG_WARN_BLOCK_CAPTURE_AUTORELEASING = YES;
				CLANG_WARN_BOOL_CONVERSION = YES;
				CLANG_WARN_COMMA = YES;
				CLANG_WARN_CONSTANT_CONVERSION = YES;
				CLANG_WARN_DEPRECATED_OBJC_IMPLEMENTATIONS = YES;
				CLANG_WARN_DIRECT_OBJC_ISA_USAGE = YES_ERROR;
				CLANG_WARN_DOCUMENTATION_COMMENTS = YES;
				CLANG_WARN_EMPTY_BODY = YES;
				CLANG_WARN_ENUM_CONVERSION = YES;
				CLANG_WARN_INFINITE_RECURSION = YES;
				CLANG_WARN_INT_CONVERSION = YES;
				CLANG_WARN_NON_LITERAL_NULL_CONVERSION = YES;
				CLANG_WARN_OBJC_IMPLICIT_RETAIN_SELF = YES;
				CLANG_WARN_OBJC_LITERAL_CONVERSION = YES;
				CLANG_WARN_OBJC_ROOT_CLASS = YES_ERROR;
				CLANG_WARN_QUOTED_INCLUDE_IN_FRAMEWORK_HEADER = YES;
				CLANG_WARN_RANGE_LOOP_ANALYSIS = YES;
				CLANG_WARN_STRICT_PROTOTYPES = YES;
				CLANG_WARN_SUSPICIOUS_MOVE = YES;
				CLANG_WARN_UNGUARDED_AVAILABILITY = YES_AGGRESSIVE;
				CLANG_WARN_UNREACHABLE_CODE = YES;
				CLANG_WARN__DUPLICATE_METHOD_MATCH = YES;
				COPY_PHASE_STRIP = NO;
				DEBUG_INFORMATION_FORMAT = "dwarf-with-dsym";
				DEVELOPMENT_TEAM = D7T33LP58L;
				ENABLE_NS_ASSERTIONS = NO;
				ENABLE_STRICT_OBJC_MSGSEND = YES;
				ENABLE_USER_SCRIPT_SANDBOXING = YES;
				GCC_C_LANGUAGE_STANDARD = gnu17;
				GCC_NO_COMMON_BLOCKS = YES;
				GCC_WARN_64_TO_32_BIT_CONVERSION = YES;
				GCC_WARN_ABOUT_RETURN_TYPE = YES_ERROR;
				GCC_WARN_UNDECLARED_SELECTOR = YES;
				GCC_WARN_UNINITIALIZED_AUTOS = YES_AGGRESSIVE;
				GCC_WARN_UNUSED_FUNCTION = YES;
				GCC_WARN_UNUSED_VARIABLE = YES;
				IPHONEOS_DEPLOYMENT_TARGET = 18.4;
				LOCALIZATION_PREFERS_STRING_CATALOGS = YES;
				MTL_ENABLE_DEBUG_INFO = NO;
				MTL_FAST_MATH = YES;
				SDKROOT = iphoneos;
				SWIFT_COMPILATION_MODE = wholemodule;
				VALIDATE_PRODUCT = YES;
			};
			name = Release;
		};
		74E249FA2E365D2200F08957 /* Debug */ = {
			isa = XCBuildConfiguration;
			buildSettings = {
				BUNDLE_LOADER = "$(TEST_HOST)";
				CODE_SIGN_STYLE = Automatic;
				CURRENT_PROJECT_VERSION = 1;
				DEVELOPMENT_TEAM = D7T33LP58L;
				GENERATE_INFOPLIST_FILE = YES;
				IPHONEOS_DEPLOYMENT_TARGET = 18.4;
				MARKETING_VERSION = 1.0;
				PRODUCT_BUNDLE_IDENTIFIER = MyCompany.ApplicationBundle3Tests;
				PRODUCT_NAME = "$(TARGET_NAME)";
				SWIFT_EMIT_LOC_STRINGS = NO;
				SWIFT_VERSION = 5.0;
				TARGETED_DEVICE_FAMILY = "1,2";
				TEST_HOST = "$(BUILT_PRODUCTS_DIR)/ApplicationBundle3.app/$(BUNDLE_EXECUTABLE_FOLDER_PATH)/ApplicationBundle3";
			};
			name = Debug;
		};
		74E249FB2E365D2200F08957 /* Release */ = {
			isa = XCBuildConfiguration;
			buildSettings = {
				BUNDLE_LOADER = "$(TEST_HOST)";
				CODE_SIGN_STYLE = Automatic;
				CURRENT_PROJECT_VERSION = 1;
				DEVELOPMENT_TEAM = D7T33LP58L;
				GENERATE_INFOPLIST_FILE = YES;
				IPHONEOS_DEPLOYMENT_TARGET = 18.4;
				MARKETING_VERSION = 1.0;
				PRODUCT_BUNDLE_IDENTIFIER = MyCompany.ApplicationBundle3Tests;
				PRODUCT_NAME = "$(TARGET_NAME)";
				SWIFT_EMIT_LOC_STRINGS = NO;
				SWIFT_VERSION = 5.0;
				TARGETED_DEVICE_FAMILY = "1,2";
				TEST_HOST = "$(BUILT_PRODUCTS_DIR)/ApplicationBundle3.app/$(BUNDLE_EXECUTABLE_FOLDER_PATH)/ApplicationBundle3";
			};
			name = Release;
		};
		74E249FD2E365D2200F08957 /* Debug */ = {
			isa = XCBuildConfiguration;
			buildSettings = {
				CODE_SIGN_STYLE = Automatic;
				CURRENT_PROJECT_VERSION = 1;
				DEVELOPMENT_TEAM = D7T33LP58L;
				GENERATE_INFOPLIST_FILE = YES;
				MARKETING_VERSION = 1.0;
				PRODUCT_BUNDLE_IDENTIFIER = MyCompany.ApplicationBundle3UITests;
				PRODUCT_NAME = "$(TARGET_NAME)";
				SWIFT_EMIT_LOC_STRINGS = NO;
				SWIFT_VERSION = 5.0;
				TARGETED_DEVICE_FAMILY = "1,2";
				TEST_TARGET_NAME = ApplicationBundle3;
			};
			name = Debug;
		};
		74E249FE2E365D2200F08957 /* Release */ = {
			isa = XCBuildConfiguration;
			buildSettings = {
				CODE_SIGN_STYLE = Automatic;
				CURRENT_PROJECT_VERSION = 1;
				DEVELOPMENT_TEAM = D7T33LP58L;
				GENERATE_INFOPLIST_FILE = YES;
				MARKETING_VERSION = 1.0;
				PRODUCT_BUNDLE_IDENTIFIER = MyCompany.ApplicationBundle3UITests;
				PRODUCT_NAME = "$(TARGET_NAME)";
				SWIFT_EMIT_LOC_STRINGS = NO;
				SWIFT_VERSION = 5.0;
				TARGETED_DEVICE_FAMILY = "1,2";
				TEST_TARGET_NAME = ApplicationBundle3;
			};
			name = Release;
		};
/* End XCBuildConfiguration section */

/* Begin XCConfigurationList section */
		74E249C62E365D2000F08957 /* Build configuration list for PBXProject "ApplicationBundle3" */ = {
			isa = XCConfigurationList;
			buildConfigurations = (
				74E249F72E365D2200F08957 /* Debug */,
				74E249F82E365D2200F08957 /* Release */,
			);
			defaultConfigurationIsVisible = 0;
			defaultConfigurationName = Release;
		};
		74E249F42E365D2200F08957 /* Build configuration list for PBXNativeTarget "ApplicationBundle3" */ = {
			isa = XCConfigurationList;
			buildConfigurations = (
				74E249F52E365D2200F08957 /* Debug */,
				74E249F62E365D2200F08957 /* Release */,
			);
			defaultConfigurationIsVisible = 0;
			defaultConfigurationName = Release;
		};
		74E249F92E365D2200F08957 /* Build configuration list for PBXNativeTarget "ApplicationBundle3Tests" */ = {
			isa = XCConfigurationList;
			buildConfigurations = (
				74E249FA2E365D2200F08957 /* Debug */,
				74E249FB2E365D2200F08957 /* Release */,
			);
			defaultConfigurationIsVisible = 0;
			defaultConfigurationName = Release;
		};
		74E249FC2E365D2200F08957 /* Build configuration list for PBXNativeTarget "ApplicationBundle3UITests" */ = {
			isa = XCConfigurationList;
			buildConfigurations = (
				74E249FD2E365D2200F08957 /* Debug */,
				74E249FE2E365D2200F08957 /* Release */,
			);
			defaultConfigurationIsVisible = 0;
			defaultConfigurationName = Release;
		};
/* End XCConfigurationList section */
	};
	rootObject = 74E249C32E365D2000F08957 /* Project object */;
}
