// !$*UTF8*$!
{
	archiveVersion = 1;
	classes = {
	};
	objectVersion = 77;
	objects = {

/* Begin PBXContainerItemProxy section */
		7491D1802E15604D0051D2A7 /* PBXContainerItemProxy */ = {
			isa = PBXContainerItemProxy;
			containerPortal = 7491D1612E15604B0051D2A7 /* Project object */;
			proxyType = 1;
			remoteGlobalIDString = 7491D1682E15604B0051D2A7;
			remoteInfo = StackViewTask;
		};
		7491D18A2E15604D0051D2A7 /* PBXContainerItemProxy */ = {
			isa = PBXContainerItemProxy;
			containerPortal = 7491D1612E15604B0051D2A7 /* Project object */;
			proxyType = 1;
			remoteGlobalIDString = 7491D1682E15604B0051D2A7;
			remoteInfo = StackViewTask;
		};
/* End PBXContainerItemProxy section */

/* Begin PBXFileReference section */
		7491D1692E15604B0051D2A7 /* StackViewTask.app */ = {isa = PBXFileReference; explicitFileType = wrapper.application; includeInIndex = 0; path = StackViewTask.app; sourceTree = BUILT_PRODUCTS_DIR; };
		7491D17F2E15604D0051D2A7 /* StackViewTaskTests.xctest */ = {isa = PBXFileReference; explicitFileType = wrapper.cfbundle; includeInIndex = 0; path = StackViewTaskTests.xctest; sourceTree = BUILT_PRODUCTS_DIR; };
		7491D1892E15604D0051D2A7 /* StackViewTaskUITests.xctest */ = {isa = PBXFileReference; explicitFileType = wrapper.cfbundle; includeInIndex = 0; path = StackViewTaskUITests.xctest; sourceTree = BUILT_PRODUCTS_DIR; };
/* End PBXFileReference section */

/* Begin PBXFileSystemSynchronizedBuildFileExceptionSet section */
		7491D1912E15604D0051D2A7 /* Exceptions for "StackViewTask" folder in "StackViewTask" target */ = {
			isa = PBXFileSystemSynchronizedBuildFileExceptionSet;
			membershipExceptions = (
				Info.plist,
			);
			target = 7491D1682E15604B0051D2A7 /* StackViewTask */;
		};
/* End PBXFileSystemSynchronizedBuildFileExceptionSet section */

/* Begin PBXFileSystemSynchronizedRootGroup section */
		7491D16B2E15604B0051D2A7 /* StackViewTask */ = {
			isa = PBXFileSystemSynchronizedRootGroup;
			exceptions = (
				7491D1912E15604D0051D2A7 /* Exceptions for "StackViewTask" folder in "StackViewTask" target */,
			);
			path = StackViewTask;
			sourceTree = "<group>";
		};
		7491D1822E15604D0051D2A7 /* StackViewTaskTests */ = {
			isa = PBXFileSystemSynchronizedRootGroup;
			path = StackViewTaskTests;
			sourceTree = "<group>";
		};
		7491D18C2E15604D0051D2A7 /* StackViewTaskUITests */ = {
			isa = PBXFileSystemSynchronizedRootGroup;
			path = StackViewTaskUITests;
			sourceTree = "<group>";
		};
/* End PBXFileSystemSynchronizedRootGroup section */

/* Begin PBXFrameworksBuildPhase section */
		7491D1662E15604B0051D2A7 /* Frameworks */ = {
			isa = PBXFrameworksBuildPhase;
			buildActionMask = 2147483647;
			files = (
			);
			runOnlyForDeploymentPostprocessing = 0;
		};
		7491D17C2E15604D0051D2A7 /* Frameworks */ = {
			isa = PBXFrameworksBuildPhase;
			buildActionMask = 2147483647;
			files = (
			);
			runOnlyForDeploymentPostprocessing = 0;
		};
		7491D1862E15604D0051D2A7 /* Frameworks */ = {
			isa = PBXFrameworksBuildPhase;
			buildActionMask = 2147483647;
			files = (
			);
			runOnlyForDeploymentPostprocessing = 0;
		};
/* End PBXFrameworksBuildPhase section */

/* Begin PBXGroup section */
		7491D1602E15604B0051D2A7 = {
			isa = PBXGroup;
			children = (
				7491D16B2E15604B0051D2A7 /* StackViewTask */,
				7491D1822E15604D0051D2A7 /* StackViewTaskTests */,
				7491D18C2E15604D0051D2A7 /* StackViewTaskUITests */,
				7491D16A2E15604B0051D2A7 /* Products */,
			);
			sourceTree = "<group>";
		};
		7491D16A2E15604B0051D2A7 /* Products */ = {
			isa = PBXGroup;
			children = (
				7491D1692E15604B0051D2A7 /* StackViewTask.app */,
				7491D17F2E15604D0051D2A7 /* StackViewTaskTests.xctest */,
				7491D1892E15604D0051D2A7 /* StackViewTaskUITests.xctest */,
			);
			name = Products;
			sourceTree = "<group>";
		};
/* End PBXGroup section */

/* Begin PBXNativeTarget section */
		7491D1682E15604B0051D2A7 /* StackViewTask */ = {
			isa = PBXNativeTarget;
			buildConfigurationList = 7491D1922E15604D0051D2A7 /* Build configuration list for PBXNativeTarget "StackViewTask" */;
			buildPhases = (
				7491D1652E15604B0051D2A7 /* Sources */,
				7491D1662E15604B0051D2A7 /* Frameworks */,
				7491D1672E15604B0051D2A7 /* Resources */,
			);
			buildRules = (
			);
			dependencies = (
			);
			fileSystemSynchronizedGroups = (
				7491D16B2E15604B0051D2A7 /* StackViewTask */,
			);
			name = StackViewTask;
			packageProductDependencies = (
			);
			productName = StackViewTask;
			productReference = 7491D1692E15604B0051D2A7 /* StackViewTask.app */;
			productType = "com.apple.product-type.application";
		};
		7491D17E2E15604D0051D2A7 /* StackViewTaskTests */ = {
			isa = PBXNativeTarget;
			buildConfigurationList = 7491D1972E15604D0051D2A7 /* Build configuration list for PBXNativeTarget "StackViewTaskTests" */;
			buildPhases = (
				7491D17B2E15604D0051D2A7 /* Sources */,
				7491D17C2E15604D0051D2A7 /* Frameworks */,
				7491D17D2E15604D0051D2A7 /* Resources */,
			);
			buildRules = (
			);
			dependencies = (
				7491D1812E15604D0051D2A7 /* PBXTargetDependency */,
			);
			fileSystemSynchronizedGroups = (
				7491D1822E15604D0051D2A7 /* StackViewTaskTests */,
			);
			name = StackViewTaskTests;
			packageProductDependencies = (
			);
			productName = StackViewTaskTests;
			productReference = 7491D17F2E15604D0051D2A7 /* StackViewTaskTests.xctest */;
			productType = "com.apple.product-type.bundle.unit-test";
		};
		7491D1882E15604D0051D2A7 /* StackViewTaskUITests */ = {
			isa = PBXNativeTarget;
			buildConfigurationList = 7491D19A2E15604D0051D2A7 /* Build configuration list for PBXNativeTarget "StackViewTaskUITests" */;
			buildPhases = (
				7491D1852E15604D0051D2A7 /* Sources */,
				7491D1862E15604D0051D2A7 /* Frameworks */,
				7491D1872E15604D0051D2A7 /* Resources */,
			);
			buildRules = (
			);
			dependencies = (
				7491D18B2E15604D0051D2A7 /* PBXTargetDependency */,
			);
			fileSystemSynchronizedGroups = (
				7491D18C2E15604D0051D2A7 /* StackViewTaskUITests */,
			);
			name = StackViewTaskUITests;
			packageProductDependencies = (
			);
			productName = StackViewTaskUITests;
			productReference = 7491D1892E15604D0051D2A7 /* StackViewTaskUITests.xctest */;
			productType = "com.apple.product-type.bundle.ui-testing";
		};
/* End PBXNativeTarget section */

/* Begin PBXProject section */
		7491D1612E15604B0051D2A7 /* Project object */ = {
			isa = PBXProject;
			attributes = {
				BuildIndependentTargetsInParallel = 1;
				LastSwiftUpdateCheck = 1630;
				LastUpgradeCheck = 1630;
				TargetAttributes = {
					7491D1682E15604B0051D2A7 = {
						CreatedOnToolsVersion = 16.3;
					};
					7491D17E2E15604D0051D2A7 = {
						CreatedOnToolsVersion = 16.3;
						TestTargetID = 7491D1682E15604B0051D2A7;
					};
					7491D1882E15604D0051D2A7 = {
						CreatedOnToolsVersion = 16.3;
						TestTargetID = 7491D1682E15604B0051D2A7;
					};
				};
			};
			buildConfigurationList = 7491D1642E15604B0051D2A7 /* Build configuration list for PBXProject "StackViewTask" */;
			developmentRegion = en;
			hasScannedForEncodings = 0;
			knownRegions = (
				en,
				Base,
			);
			mainGroup = 7491D1602E15604B0051D2A7;
			minimizedProjectReferenceProxies = 1;
			preferredProjectObjectVersion = 77;
			productRefGroup = 7491D16A2E15604B0051D2A7 /* Products */;
			projectDirPath = "";
			projectRoot = "";
			targets = (
				7491D1682E15604B0051D2A7 /* StackViewTask */,
				7491D17E2E15604D0051D2A7 /* StackViewTaskTests */,
				7491D1882E15604D0051D2A7 /* StackViewTaskUITests */,
			);
		};
/* End PBXProject section */

/* Begin PBXResourcesBuildPhase section */
		7491D1672E15604B0051D2A7 /* Resources */ = {
			isa = PBXResourcesBuildPhase;
			buildActionMask = 2147483647;
			files = (
			);
			runOnlyForDeploymentPostprocessing = 0;
		};
		7491D17D2E15604D0051D2A7 /* Resources */ = {
			isa = PBXResourcesBuildPhase;
			buildActionMask = 2147483647;
			files = (
			);
			runOnlyForDeploymentPostprocessing = 0;
		};
		7491D1872E15604D0051D2A7 /* Resources */ = {
			isa = PBXResourcesBuildPhase;
			buildActionMask = 2147483647;
			files = (
			);
			runOnlyForDeploymentPostprocessing = 0;
		};
/* End PBXResourcesBuildPhase section */

/* Begin PBXSourcesBuildPhase section */
		7491D1652E15604B0051D2A7 /* Sources */ = {
			isa = PBXSourcesBuildPhase;
			buildActionMask = 2147483647;
			files = (
			);
			runOnlyForDeploymentPostprocessing = 0;
		};
		7491D17B2E15604D0051D2A7 /* Sources */ = {
			isa = PBXSourcesBuildPhase;
			buildActionMask = 2147483647;
			files = (
			);
			runOnlyForDeploymentPostprocessing = 0;
		};
		7491D1852E15604D0051D2A7 /* Sources */ = {
			isa = PBXSourcesBuildPhase;
			buildActionMask = 2147483647;
			files = (
			);
			runOnlyForDeploymentPostprocessing = 0;
		};
/* End PBXSourcesBuildPhase section */

/* Begin PBXTargetDependency section */
		7491D1812E15604D0051D2A7 /* PBXTargetDependency */ = {
			isa = PBXTargetDependency;
			target = 7491D1682E15604B0051D2A7 /* StackViewTask */;
			targetProxy = 7491D1802E15604D0051D2A7 /* PBXContainerItemProxy */;
		};
		7491D18B2E15604D0051D2A7 /* PBXTargetDependency */ = {
			isa = PBXTargetDependency;
			target = 7491D1682E15604B0051D2A7 /* StackViewTask */;
			targetProxy = 7491D18A2E15604D0051D2A7 /* PBXContainerItemProxy */;
		};
/* End PBXTargetDependency section */

/* Begin XCBuildConfiguration section */
		7491D1932E15604D0051D2A7 /* Debug */ = {
			isa = XCBuildConfiguration;
			buildSettings = {
				ASSETCATALOG_COMPILER_APPICON_NAME = AppIcon;
				ASSETCATALOG_COMPILER_GLOBAL_ACCENT_COLOR_NAME = AccentColor;
				CODE_SIGN_STYLE = Automatic;
				CURRENT_PROJECT_VERSION = 1;
				DEVELOPMENT_TEAM = D7T33LP58L;
				GENERATE_INFOPLIST_FILE = YES;
				INFOPLIST_FILE = StackViewTask/Info.plist;
				INFOPLIST_KEY_UIApplicationSupportsIndirectInputEvents = YES;
				INFOPLIST_KEY_UILaunchStoryboardName = LaunchScreen;
				INFOPLIST_KEY_UISupportedInterfaceOrientations_iPad = "UIInterfaceOrientationPortrait UIInterfaceOrientationPortraitUpsideDown UIInterfaceOrientationLandscapeLeft UIInterfaceOrientationLandscapeRight";
				INFOPLIST_KEY_UISupportedInterfaceOrientations_iPhone = "UIInterfaceOrientationPortrait UIInterfaceOrientationLandscapeLeft UIInterfaceOrientationLandscapeRight";
				LD_RUNPATH_SEARCH_PATHS = (
					"$(inherited)",
					"@executable_path/Frameworks",
				);
				MARKETING_VERSION = 1.0;
				PRODUCT_BUNDLE_IDENTIFIER = MyCompany.StackViewTask;
				PRODUCT_NAME = "$(TARGET_NAME)";
				SWIFT_EMIT_LOC_STRINGS = YES;
				SWIFT_VERSION = 5.0;
				TARGETED_DEVICE_FAMILY = "1,2";
			};
			name = Debug;
		};
		7491D1942E15604D0051D2A7 /* Release */ = {
			isa = XCBuildConfiguration;
			buildSettings = {
				ASSETCATALOG_COMPILER_APPICON_NAME = AppIcon;
				ASSETCATALOG_COMPILER_GLOBAL_ACCENT_COLOR_NAME = AccentColor;
				CODE_SIGN_STYLE = Automatic;
				CURRENT_PROJECT_VERSION = 1;
				DEVELOPMENT_TEAM = D7T33LP58L;
				GENERATE_INFOPLIST_FILE = YES;
				INFOPLIST_FILE = StackViewTask/Info.plist;
				INFOPLIST_KEY_UIApplicationSupportsIndirectInputEvents = YES;
				INFOPLIST_KEY_UILaunchStoryboardName = LaunchScreen;
				INFOPLIST_KEY_UISupportedInterfaceOrientations_iPad = "UIInterfaceOrientationPortrait UIInterfaceOrientationPortraitUpsideDown UIInterfaceOrientationLandscapeLeft UIInterfaceOrientationLandscapeRight";
				INFOPLIST_KEY_UISupportedInterfaceOrientations_iPhone = "UIInterfaceOrientationPortrait UIInterfaceOrientationLandscapeLeft UIInterfaceOrientationLandscapeRight";
				LD_RUNPATH_SEARCH_PATHS = (
					"$(inherited)",
					"@executable_path/Frameworks",
				);
				MARKETING_VERSION = 1.0;
				PRODUCT_BUNDLE_IDENTIFIER = MyCompany.StackViewTask;
				PRODUCT_NAME = "$(TARGET_NAME)";
				SWIFT_EMIT_LOC_STRINGS = YES;
				SWIFT_VERSION = 5.0;
				TARGETED_DEVICE_FAMILY = "1,2";
			};
			name = Release;
		};
		7491D1952E15604D0051D2A7 /* Debug */ = {
			isa = XCBuildConfiguration;
			buildSettings = {
				ALWAYS_SEARCH_USER_PATHS = NO;
				ASSETCATALOG_COMPILER_GENERATE_SWIFT_ASSET_SYMBOL_EXTENSIONS = YES;
				CLANG_ANALYZER_NONNULL = YES;
				CLANG_ANALYZER_NUMBER_OBJECT_CONVERSION = YES_AGGRESSIVE;
				CLANG_CXX_LANGUAGE_STANDARD = "gnu++20";
				CLANG_ENABLE_MODULES = YES;
				CLANG_ENABLE_OBJC_ARC = YES;
				CLANG_ENABLE_OBJC_WEAK = YES;
				CLANG_WARN_BLOCK_CAPTURE_AUTORELEASING = YES;
				CLANG_WARN_BOOL_CONVERSION = YES;
				CLANG_WARN_COMMA = YES;
				CLANG_WARN_CONSTANT_CONVERSION = YES;
				CLANG_WARN_DEPRECATED_OBJC_IMPLEMENTATIONS = YES;
				CLANG_WARN_DIRECT_OBJC_ISA_USAGE = YES_ERROR;
				CLANG_WARN_DOCUMENTATION_COMMENTS = YES;
				CLANG_WARN_EMPTY_BODY = YES;
				CLANG_WARN_ENUM_CONVERSION = YES;
				CLANG_WARN_INFINITE_RECURSION = YES;
				CLANG_WARN_INT_CONVERSION = YES;
				CLANG_WARN_NON_LITERAL_NULL_CONVERSION = YES;
				CLANG_WARN_OBJC_IMPLICIT_RETAIN_SELF = YES;
				CLANG_WARN_OBJC_LITERAL_CONVERSION = YES;
				CLANG_WARN_OBJC_ROOT_CLASS = YES_ERROR;
				CLANG_WARN_QUOTED_INCLUDE_IN_FRAMEWORK_HEADER = YES;
				CLANG_WARN_RANGE_LOOP_ANALYSIS = YES;
				CLANG_WARN_STRICT_PROTOTYPES = YES;
				CLANG_WARN_SUSPICIOUS_MOVE = YES;
				CLANG_WARN_UNGUARDED_AVAILABILITY = YES_AGGRESSIVE;
				CLANG_WARN_UNREACHABLE_CODE = YES;
				CLANG_WARN__DUPLICATE_METHOD_MATCH = YES;
				COPY_PHASE_STRIP = NO;
				DEBUG_INFORMATION_FORMAT = dwarf;
				DEVELOPMENT_TEAM = D7T33LP58L;
				ENABLE_STRICT_OBJC_MSGSEND = YES;
				ENABLE_TESTABILITY = YES;
				ENABLE_USER_SCRIPT_SANDBOXING = YES;
				GCC_C_LANGUAGE_STANDARD = gnu17;
				GCC_DYNAMIC_NO_PIC = NO;
				GCC_NO_COMMON_BLOCKS = YES;
				GCC_OPTIMIZATION_LEVEL = 0;
				GCC_PREPROCESSOR_DEFINITIONS = (
					"DEBUG=1",
					"$(inherited)",
				);
				GCC_WARN_64_TO_32_BIT_CONVERSION = YES;
				GCC_WARN_ABOUT_RETURN_TYPE = YES_ERROR;
				GCC_WARN_UNDECLARED_SELECTOR = YES;
				GCC_WARN_UNINITIALIZED_AUTOS = YES_AGGRESSIVE;
				GCC_WARN_UNUSED_FUNCTION = YES;
				GCC_WARN_UNUSED_VARIABLE = YES;
				IPHONEOS_DEPLOYMENT_TARGET = 18.4;
				LOCALIZATION_PREFERS_STRING_CATALOGS = YES;
				MTL_ENABLE_DEBUG_INFO = INCLUDE_SOURCE;
				MTL_FAST_MATH = YES;
				ONLY_ACTIVE_ARCH = YES;
				SDKROOT = iphoneos;
				SWIFT_ACTIVE_COMPILATION_CONDITIONS = "DEBUG $(inherited)";
				SWIFT_OPTIMIZATION_LEVEL = "-Onone";
			};
			name = Debug;
		};
		7491D1962E15604D0051D2A7 /* Release */ = {
			isa = XCBuildConfiguration;
			buildSettings = {
				ALWAYS_SEARCH_USER_PATHS = NO;
				ASSETCATALOG_COMPILER_GENERATE_SWIFT_ASSET_SYMBOL_EXTENSIONS = YES;
				CLANG_ANALYZER_NONNULL = YES;
				CLANG_ANALYZER_NUMBER_OBJECT_CONVERSION = YES_AGGRESSIVE;
				CLANG_CXX_LANGUAGE_STANDARD = "gnu++20";
				CLANG_ENABLE_MODULES = YES;
				CLANG_ENABLE_OBJC_ARC = YES;
				CLANG_ENABLE_OBJC_WEAK = YES;
				CLANG_WARN_BLOCK_CAPTURE_AUTORELEASING = YES;
				CLANG_WARN_BOOL_CONVERSION = YES;
				CLANG_WARN_COMMA = YES;
				CLANG_WARN_CONSTANT_CONVERSION = YES;
				CLANG_WARN_DEPRECATED_OBJC_IMPLEMENTATIONS = YES;
				CLANG_WARN_DIRECT_OBJC_ISA_USAGE = YES_ERROR;
				CLANG_WARN_DOCUMENTATION_COMMENTS = YES;
				CLANG_WARN_EMPTY_BODY = YES;
				CLANG_WARN_ENUM_CONVERSION = YES;
				CLANG_WARN_INFINITE_RECURSION = YES;
				CLANG_WARN_INT_CONVERSION = YES;
				CLANG_WARN_NON_LITERAL_NULL_CONVERSION = YES;
				CLANG_WARN_OBJC_IMPLICIT_RETAIN_SELF = YES;
				CLANG_WARN_OBJC_LITERAL_CONVERSION = YES;
				CLANG_WARN_OBJC_ROOT_CLASS = YES_ERROR;
				CLANG_WARN_QUOTED_INCLUDE_IN_FRAMEWORK_HEADER = YES;
				CLANG_WARN_RANGE_LOOP_ANALYSIS = YES;
				CLANG_WARN_STRICT_PROTOTYPES = YES;
				CLANG_WARN_SUSPICIOUS_MOVE = YES;
				CLANG_WARN_UNGUARDED_AVAILABILITY = YES_AGGRESSIVE;
				CLANG_WARN_UNREACHABLE_CODE = YES;
				CLANG_WARN__DUPLICATE_METHOD_MATCH = YES;
				COPY_PHASE_STRIP = NO;
				DEBUG_INFORMATION_FORMAT = "dwarf-with-dsym";
				DEVELOPMENT_TEAM = D7T33LP58L;
				ENABLE_NS_ASSERTIONS = NO;
				ENABLE_STRICT_OBJC_MSGSEND = YES;
				ENABLE_USER_SCRIPT_SANDBOXING = YES;
				GCC_C_LANGUAGE_STANDARD = gnu17;
				GCC_NO_COMMON_BLOCKS = YES;
				GCC_WARN_64_TO_32_BIT_CONVERSION = YES;
				GCC_WARN_ABOUT_RETURN_TYPE = YES_ERROR;
				GCC_WARN_UNDECLARED_SELECTOR = YES;
				GCC_WARN_UNINITIALIZED_AUTOS = YES_AGGRESSIVE;
				GCC_WARN_UNUSED_FUNCTION = YES;
				GCC_WARN_UNUSED_VARIABLE = YES;
				IPHONEOS_DEPLOYMENT_TARGET = 18.4;
				LOCALIZATION_PREFERS_STRING_CATALOGS = YES;
				MTL_ENABLE_DEBUG_INFO = NO;
				MTL_FAST_MATH = YES;
				SDKROOT = iphoneos;
				SWIFT_COMPILATION_MODE = wholemodule;
				VALIDATE_PRODUCT = YES;
			};
			name = Release;
		};
		7491D1982E15604D0051D2A7 /* Debug */ = {
			isa = XCBuildConfiguration;
			buildSettings = {
				BUNDLE_LOADER = "$(TEST_HOST)";
				CODE_SIGN_STYLE = Automatic;
				CURRENT_PROJECT_VERSION = 1;
				DEVELOPMENT_TEAM = D7T33LP58L;
				GENERATE_INFOPLIST_FILE = YES;
				IPHONEOS_DEPLOYMENT_TARGET = 18.4;
				MARKETING_VERSION = 1.0;
				PRODUCT_BUNDLE_IDENTIFIER = MyCompany.StackViewTaskTests;
				PRODUCT_NAME = "$(TARGET_NAME)";
				SWIFT_EMIT_LOC_STRINGS = NO;
				SWIFT_VERSION = 5.0;
				TARGETED_DEVICE_FAMILY = "1,2";
				TEST_HOST = "$(BUILT_PRODUCTS_DIR)/StackViewTask.app/$(BUNDLE_EXECUTABLE_FOLDER_PATH)/StackViewTask";
			};
			name = Debug;
		};
		7491D1992E15604D0051D2A7 /* Release */ = {
			isa = XCBuildConfiguration;
			buildSettings = {
				BUNDLE_LOADER = "$(TEST_HOST)";
				CODE_SIGN_STYLE = Automatic;
				CURRENT_PROJECT_VERSION = 1;
				DEVELOPMENT_TEAM = D7T33LP58L;
				GENERATE_INFOPLIST_FILE = YES;
				IPHONEOS_DEPLOYMENT_TARGET = 18.4;
				MARKETING_VERSION = 1.0;
				PRODUCT_BUNDLE_IDENTIFIER = MyCompany.StackViewTaskTests;
				PRODUCT_NAME = "$(TARGET_NAME)";
				SWIFT_EMIT_LOC_STRINGS = NO;
				SWIFT_VERSION = 5.0;
				TARGETED_DEVICE_FAMILY = "1,2";
				TEST_HOST = "$(BUILT_PRODUCTS_DIR)/StackViewTask.app/$(BUNDLE_EXECUTABLE_FOLDER_PATH)/StackViewTask";
			};
			name = Release;
		};
		7491D19B2E15604D0051D2A7 /* Debug */ = {
			isa = XCBuildConfiguration;
			buildSettings = {
				CODE_SIGN_STYLE = Automatic;
				CURRENT_PROJECT_VERSION = 1;
				DEVELOPMENT_TEAM = D7T33LP58L;
				GENERATE_INFOPLIST_FILE = YES;
				MARKETING_VERSION = 1.0;
				PRODUCT_BUNDLE_IDENTIFIER = MyCompany.StackViewTaskUITests;
				PRODUCT_NAME = "$(TARGET_NAME)";
				SWIFT_EMIT_LOC_STRINGS = NO;
				SWIFT_VERSION = 5.0;
				TARGETED_DEVICE_FAMILY = "1,2";
				TEST_TARGET_NAME = StackViewTask;
			};
			name = Debug;
		};
		7491D19C2E15604D0051D2A7 /* Release */ = {
			isa = XCBuildConfiguration;
			buildSettings = {
				CODE_SIGN_STYLE = Automatic;
				CURRENT_PROJECT_VERSION = 1;
				DEVELOPMENT_TEAM = D7T33LP58L;
				GENERATE_INFOPLIST_FILE = YES;
				MARKETING_VERSION = 1.0;
				PRODUCT_BUNDLE_IDENTIFIER = MyCompany.StackViewTaskUITests;
				PRODUCT_NAME = "$(TARGET_NAME)";
				SWIFT_EMIT_LOC_STRINGS = NO;
				SWIFT_VERSION = 5.0;
				TARGETED_DEVICE_FAMILY = "1,2";
				TEST_TARGET_NAME = StackViewTask;
			};
			name = Release;
		};
/* End XCBuildConfiguration section */

/* Begin XCConfigurationList section */
		7491D1642E15604B0051D2A7 /* Build configuration list for PBXProject "StackViewTask" */ = {
			isa = XCConfigurationList;
			buildConfigurations = (
				7491D1952E15604D0051D2A7 /* Debug */,
				7491D1962E15604D0051D2A7 /* Release */,
			);
			defaultConfigurationIsVisible = 0;
			defaultConfigurationName = Release;
		};
		7491D1922E15604D0051D2A7 /* Build configuration list for PBXNativeTarget "StackViewTask" */ = {
			isa = XCConfigurationList;
			buildConfigurations = (
				7491D1932E15604D0051D2A7 /* Debug */,
				7491D1942E15604D0051D2A7 /* Release */,
			);
			defaultConfigurationIsVisible = 0;
			defaultConfigurationName = Release;
		};
		7491D1972E15604D0051D2A7 /* Build configuration list for PBXNativeTarget "StackViewTaskTests" */ = {
			isa = XCConfigurationList;
			buildConfigurations = (
				7491D1982E15604D0051D2A7 /* Debug */,
				7491D1992E15604D0051D2A7 /* Release */,
			);
			defaultConfigurationIsVisible = 0;
			defaultConfigurationName = Release;
		};
		7491D19A2E15604D0051D2A7 /* Build configuration list for PBXNativeTarget "StackViewTaskUITests" */ = {
			isa = XCConfigurationList;
			buildConfigurations = (
				7491D19B2E15604D0051D2A7 /* Debug */,
				7491D19C2E15604D0051D2A7 /* Release */,
			);
			defaultConfigurationIsVisible = 0;
			defaultConfigurationName = Release;
		};
/* End XCConfigurationList section */
	};
	rootObject = 7491D1612E15604B0051D2A7 /* Project object */;
}
